# THIS IS AN AUTOGENERATED FILE. DO NOT EDIT THIS FILE DIRECTLY.
# yarn lockfile v1


"@babel/parser@^7.23.9":
  version "7.24.1"
  resolved "https://registry.npmmirror.com/@babel/parser/-/parser-7.24.1.tgz"
  integrity sha512-Zo9c7N3xdOIQrNip7Lc9wvRPzlRtovHVE4lkz8WEDr7uYh/GMQhSiIgFxGIArRHYdJE5kxtZjAf8rT0xhdLCzg==

"@ctrl/tinycolor@^3.4.1":
  version "3.6.1"
  resolved "https://registry.npmmirror.com/@ctrl/tinycolor/-/tinycolor-3.6.1.tgz"
  integrity sha512-SITSV6aIXsuVNV3f3O0f2n/cgyEDWoSqtZMYiAmcsYHydcKrOz3gUxB/iXd/Qf08+IZX4KpgNbvUdMBmWz+kcA==

"@element-plus/icons-vue@^2.3.1":
  version "2.3.1"
  resolved "https://registry.npmmirror.com/@element-plus/icons-vue/-/icons-vue-2.3.1.tgz"
  integrity sha512-XxVUZv48RZAd87ucGS48jPf6pKu0yV5UCg9f4FFwtrYxXOwWuVJo6wOvSLKEoMQKjv8GsX/mhP6UsC1lRwbUWg==

"@esbuild/win32-x64@0.20.2":
  version "0.20.2"
  resolved "https://registry.npmmirror.com/@esbuild/win32-x64/-/win32-x64-0.20.2.tgz"
  integrity sha512-N49X4lJX27+l9jbLKSqZ6bKNjzQvHaT8IIFUy+YIqmXQdjYCToGWwOItDrfby14c78aDd5NHQl29xingXfCdLQ==

"@floating-ui/core@^1.6.0":
  version "1.6.9"
  resolved "https://registry.npmmirror.com/@floating-ui/core/-/core-1.6.9.tgz"
  integrity sha512-uMXCuQ3BItDUbAMhIXw7UPXRfAlOAvZzdK9BWpE60MCn+Svt3aLn9jsPTi/WNGlRUu2uI0v5S7JiIUsbsvh3fw==
  dependencies:
    "@floating-ui/utils" "^0.2.9"

"@floating-ui/dom@^1.0.1":
  version "1.6.13"
  resolved "https://registry.npmmirror.com/@floating-ui/dom/-/dom-1.6.13.tgz"
  integrity sha512-umqzocjDgNRGTuO7Q8CU32dkHkECqI8ZdMZ5Swb6QAM0t5rnlrN3lGo1hdpscRd3WS8T6DKYK4ephgIH9iRh3w==
  dependencies:
    "@floating-ui/core" "^1.6.0"
    "@floating-ui/utils" "^0.2.9"

"@floating-ui/utils@^0.2.9":
  version "0.2.9"
  resolved "https://registry.npmmirror.com/@floating-ui/utils/-/utils-0.2.9.tgz"
  integrity sha512-MDWhGtE+eHw5JW7lq4qhc5yRLS11ERl1c7Z6Xd0a58DozHES6EnNNwUWbMiG4J9Cgj053Bhk8zvlhFYKVhULwg==

"@jridgewell/sourcemap-codec@^1.4.15":
  version "1.4.15"
  resolved "https://registry.npmmirror.com/@jridgewell/sourcemap-codec/-/sourcemap-codec-1.4.15.tgz"
  integrity sha512-eF2rxCRulEKXHTRiDrDy6erMYWqNw4LPdQ8UQA4huuxaQsVeRPFl2oM8oDGxMFhJUWZf9McpLtJasDDZb/Bpeg==

"@popperjs/core@npm:@sxzz/popperjs-es@^2.11.7":
  version "2.11.7"
  resolved "https://registry.npmmirror.com/@sxzz/popperjs-es/-/popperjs-es-2.11.7.tgz"
  integrity sha512-Ccy0NlLkzr0Ex2FKvh2X+OyERHXJ88XJ1MXtsI9y9fGexlaXaVTPzBCRBwIxFkORuOb+uBqeu+RqnpgYTEZRUQ==

"@rollup/rollup-win32-x64-msvc@4.13.0":
  version "4.13.0"
  resolved "https://registry.npmmirror.com/@rollup/rollup-win32-x64-msvc/-/rollup-win32-x64-msvc-4.13.0.tgz"
  integrity sha512-UKXUQNbO3DOhzLRwHSpa0HnhhCgNODvfoPWv2FCXme8N/ANFfhIPMGuOT+QuKd16+B5yxZ0HdpNlqPvTMS1qfw==

"@types/estree@1.0.5":
  version "1.0.5"
  resolved "https://registry.npmmirror.com/@types/estree/-/estree-1.0.5.tgz"
  integrity sha512-/kYRxGDLWzHOB7q+wtSUQlFrtcdUccpfy+X+9iMBpHK8QLLhx2wIPYuS5DYtR9Wa/YlZAbIovy7qVdB1Aq6Lyw==

"@types/lodash-es@*", "@types/lodash-es@^4.17.6":
  version "4.17.12"
  resolved "https://registry.npmmirror.com/@types/lodash-es/-/lodash-es-4.17.12.tgz"
  integrity sha512-0NgftHUcV4v34VhXm8QBSftKVXtbkBG3ViCjs6+eJ5a6y6Mi/jiFGPc1sC7QK+9BFhWrURE3EOggmWaSxL9OzQ==
  dependencies:
    "@types/lodash" "*"

"@types/lodash@*", "@types/lodash@^4.14.182":
  version "4.17.16"
  resolved "https://registry.npmmirror.com/@types/lodash/-/lodash-4.17.16.tgz"
  integrity sha512-HX7Em5NYQAXKW+1T+FiuG27NGwzJfCX3s1GjOa7ujxZa52kjJLOr4FUxT+giF6Tgxv1e+/czV/iTtBw27WTU9g==

"@types/node@^18.0.0 || >=20.0.0", "@types/node@^20.17.31":
  version "20.17.31"
  resolved "https://registry.npmjs.org/@types/node/-/node-20.17.31.tgz"
  integrity sha512-quODOCNXQAbNf1Q7V+fI8WyErOCh0D5Yd31vHnKu4GkSztGQ7rlltAaqXhHhLl33tlVyUXs2386MkANSwgDn6A==
  dependencies:
    undici-types "~6.19.2"

"@types/uuid@^10.0.0":
  version "10.0.0"
  resolved "https://registry.npmjs.org/@types/uuid/-/uuid-10.0.0.tgz"
  integrity sha512-7gqG38EyHgyP1S+7+xomFtL+ZNHcKv6DwNaCZmJmo1vgMugyF3TCnXVg4t1uk89mLNwnLtnY3TpOpCOyp1/xHQ==

"@types/web-bluetooth@^0.0.16":
  version "0.0.16"
  resolved "https://registry.npmmirror.com/@types/web-bluetooth/-/web-bluetooth-0.0.16.tgz"
  integrity sha512-oh8q2Zc32S6gd/j50GowEjKLoOVOwHP/bWVjKJInBwQqdOYMdPrf1oVlelTlyfFK3CKxL1uahMDAr+vy8T7yMQ==

"@vitejs/plugin-vue@^5.0.4":
  version "5.0.4"
  resolved "https://registry.npmmirror.com/@vitejs/plugin-vue/-/plugin-vue-5.0.4.tgz"
  integrity sha512-WS3hevEszI6CEVEx28F8RjTX97k3KsrcY6kvTg7+Whm5y3oYvcqzVeGCU3hxSAn4uY2CLCkeokkGKpoctccilQ==

"@vue/compiler-core@3.4.21":
  version "3.4.21"
  resolved "https://registry.npmmirror.com/@vue/compiler-core/-/compiler-core-3.4.21.tgz"
  integrity sha512-MjXawxZf2SbZszLPYxaFCjxfibYrzr3eYbKxwpLR9EQN+oaziSu3qKVbwBERj1IFIB8OLUewxB5m/BFzi613og==
  dependencies:
    "@babel/parser" "^7.23.9"
    "@vue/shared" "3.4.21"
    entities "^4.5.0"
    estree-walker "^2.0.2"
    source-map-js "^1.0.2"

"@vue/compiler-dom@3.4.21":
  version "3.4.21"
  resolved "https://registry.npmmirror.com/@vue/compiler-dom/-/compiler-dom-3.4.21.tgz"
  integrity sha512-IZC6FKowtT1sl0CR5DpXSiEB5ayw75oT2bma1BEhV7RRR1+cfwLrxc2Z8Zq/RGFzJ8w5r9QtCOvTjQgdn0IKmA==
  dependencies:
    "@vue/compiler-core" "3.4.21"
    "@vue/shared" "3.4.21"

"@vue/compiler-sfc@3.4.21":
  version "3.4.21"
  resolved "https://registry.npmmirror.com/@vue/compiler-sfc/-/compiler-sfc-3.4.21.tgz"
  integrity sha512-me7epoTxYlY+2CUM7hy9PCDdpMPfIwrOvAXud2Upk10g4YLv9UBW7kL798TvMeDhPthkZ0CONNrK2GoeI1ODiQ==
  dependencies:
    "@babel/parser" "^7.23.9"
    "@vue/compiler-core" "3.4.21"
    "@vue/compiler-dom" "3.4.21"
    "@vue/compiler-ssr" "3.4.21"
    "@vue/shared" "3.4.21"
    estree-walker "^2.0.2"
    magic-string "^0.30.7"
    postcss "^8.4.35"
    source-map-js "^1.0.2"

"@vue/compiler-ssr@3.4.21":
  version "3.4.21"
  resolved "https://registry.npmmirror.com/@vue/compiler-ssr/-/compiler-ssr-3.4.21.tgz"
  integrity sha512-M5+9nI2lPpAsgXOGQobnIueVqc9sisBFexh5yMIMRAPYLa7+5wEJs8iqOZc1WAa9WQbx9GR2twgznU8LTIiZ4Q==
  dependencies:
    "@vue/compiler-dom" "3.4.21"
    "@vue/shared" "3.4.21"

"@vue/devtools-api@^6.5.1":
  version "6.6.1"
  resolved "https://registry.npmmirror.com/@vue/devtools-api/-/devtools-api-6.6.1.tgz"
  integrity sha512-LgPscpE3Vs0x96PzSSB4IGVSZXZBZHpfxs+ZA1d+VEPwHdOXowy/Y2CsvCAIFrf+ssVU1pD1jidj505EpUnfbA==

"@vue/reactivity@3.4.21":
  version "3.4.21"
  resolved "https://registry.npmmirror.com/@vue/reactivity/-/reactivity-3.4.21.tgz"
  integrity sha512-UhenImdc0L0/4ahGCyEzc/pZNwVgcglGy9HVzJ1Bq2Mm9qXOpP8RyNTjookw/gOCUlXSEtuZ2fUg5nrHcoqJcw==
  dependencies:
    "@vue/shared" "3.4.21"

"@vue/runtime-core@3.4.21":
  version "3.4.21"
  resolved "https://registry.npmmirror.com/@vue/runtime-core/-/runtime-core-3.4.21.tgz"
  integrity sha512-pQthsuYzE1XcGZznTKn73G0s14eCJcjaLvp3/DKeYWoFacD9glJoqlNBxt3W2c5S40t6CCcpPf+jG01N3ULyrA==
  dependencies:
    "@vue/reactivity" "3.4.21"
    "@vue/shared" "3.4.21"

"@vue/runtime-dom@3.4.21":
  version "3.4.21"
  resolved "https://registry.npmmirror.com/@vue/runtime-dom/-/runtime-dom-3.4.21.tgz"
  integrity sha512-gvf+C9cFpevsQxbkRBS1NpU8CqxKw0ebqMvLwcGQrNpx6gqRDodqKqA+A2VZZpQ9RpK2f9yfg8VbW/EpdFUOJw==
  dependencies:
    "@vue/runtime-core" "3.4.21"
    "@vue/shared" "3.4.21"
    csstype "^3.1.3"

"@vue/server-renderer@3.4.21":
  version "3.4.21"
  resolved "https://registry.npmmirror.com/@vue/server-renderer/-/server-renderer-3.4.21.tgz"
  integrity sha512-aV1gXyKSN6Rz+6kZ6kr5+Ll14YzmIbeuWe7ryJl5muJ4uwSwY/aStXTixx76TwkZFJLm1aAlA/HSWEJ4EyiMkg==
  dependencies:
    "@vue/compiler-ssr" "3.4.21"
    "@vue/shared" "3.4.21"

"@vue/shared@3.4.21":
  version "3.4.21"
  resolved "https://registry.npmmirror.com/@vue/shared/-/shared-3.4.21.tgz"
  integrity sha512-PuJe7vDIi6VYSinuEbUIQgMIRZGgM8e4R+G+/dQTk0X1NEdvgvvgv7m+rfmDH1gZzyA1OjjoWskvHlfRNfQf3g==

"@vueuse/core@^9.1.0":
  version "9.13.0"
  resolved "https://registry.npmmirror.com/@vueuse/core/-/core-9.13.0.tgz"
  integrity sha512-pujnclbeHWxxPRqXWmdkKV5OX4Wk4YeK7wusHqRwU0Q7EFusHoqNA/aPhB6KCh9hEqJkLAJo7bb0Lh9b+OIVzw==
  dependencies:
    "@types/web-bluetooth" "^0.0.16"
    "@vueuse/metadata" "9.13.0"
    "@vueuse/shared" "9.13.0"
    vue-demi "*"

"@vueuse/metadata@9.13.0":
  version "9.13.0"
  resolved "https://registry.npmmirror.com/@vueuse/metadata/-/metadata-9.13.0.tgz"
  integrity sha512-gdU7TKNAUVlXXLbaF+ZCfte8BjRJQWPCa2J55+7/h+yDtzw3vOoGQDRXzI6pyKyo6bXFT5/QoPE4hAknExjRLQ==

"@vueuse/shared@9.13.0":
  version "9.13.0"
  resolved "https://registry.npmmirror.com/@vueuse/shared/-/shared-9.13.0.tgz"
  integrity sha512-UrnhU+Cnufu4S6JLCPZnkWh0WwZGUp72ktOF2DFptMlOs3TOdVv8xJN53zhHGARmVOsz5KqOls09+J1NR6sBKw==
  dependencies:
    vue-demi "*"

anymatch@~3.1.2:
  version "3.1.3"
  resolved "https://registry.npmmirror.com/anymatch/-/anymatch-3.1.3.tgz"
  integrity sha512-KMReFUr0B4t+D+OBkjR3KYqvocp2XaSzO55UcB6mgQMd3KbcE+mWTyvVV7D/zsdEbNnV6acZUutkiHQXvTr1Rw==
  dependencies:
    normalize-path "^3.0.0"
    picomatch "^2.0.4"

async-validator@^4.2.5:
  version "4.2.5"
  resolved "https://registry.npmmirror.com/async-validator/-/async-validator-4.2.5.tgz"
  integrity sha512-7HhHjtERjqlNbZtqNqy2rckN/SpOOlmDliet+lP7k+eKZEjPk3DgyeU9lIXLdeLz0uBbbVp+9Qdow9wJWgwwfg==

asynckit@^0.4.0:
  version "0.4.0"
  resolved "https://registry.npmmirror.com/asynckit/-/asynckit-0.4.0.tgz"
  integrity sha512-Oei9OH4tRh0YqU3GxhX79dM/mwVgvbZJaSNaRk+bshkj0S5cfHcgYakreBjrHwatXKbz+IoIdYLxrKim2MjW0Q==

axios@^1.6.8:
  version "1.6.8"
  resolved "https://registry.npmmirror.com/axios/-/axios-1.6.8.tgz"
  integrity sha512-v/ZHtJDU39mDpyBoFVkETcd/uNdxrWRrg3bKpOKzXFA6Bvqopts6ALSMU3y6ijYxbw2B+wPrIv46egTzJXCLGQ==
  dependencies:
    follow-redirects "^1.15.6"
    form-data "^4.0.0"
    proxy-from-env "^1.1.0"

binary-extensions@^2.0.0:
  version "2.3.0"
  resolved "https://registry.npmmirror.com/binary-extensions/-/binary-extensions-2.3.0.tgz"
  integrity sha512-Ceh+7ox5qe7LJuLHoY0feh3pHuUDHAcRUeyL2VYghZwfpkNIy/+8Ocg0a3UuSoYzavmylwuLWQOf3hl0jjMMIw==

braces@~3.0.2:
  version "3.0.2"
  resolved "https://registry.npmmirror.com/braces/-/braces-3.0.2.tgz"
  integrity sha512-b8um+L1RzM3WDSzvhm6gIz1yfTbBt6YTlcEKAvsmqCZZFw46z626lVj9j1yEPW33H5H+lBQpZMP1k8l+78Ha0A==
  dependencies:
    fill-range "^7.0.1"

"chokidar@>=3.0.0 <4.0.0":
  version "3.6.0"
  resolved "https://registry.npmmirror.com/chokidar/-/chokidar-3.6.0.tgz"
  integrity sha512-7VT13fmjotKpGipCW9JEQAusEPE+Ei8nl6/g4FBAmIm0GOOLMua9NDDo/DWp0ZAxCr3cPq5ZpBqmPAQgDda2Pw==
  dependencies:
    anymatch "~3.1.2"
    braces "~3.0.2"
    glob-parent "~5.1.2"
    is-binary-path "~2.1.0"
    is-glob "~4.0.1"
    normalize-path "~3.0.0"
    readdirp "~3.6.0"
  optionalDependencies:
    fsevents "~2.3.2"

combined-stream@^1.0.8:
  version "1.0.8"
  resolved "https://registry.npmmirror.com/combined-stream/-/combined-stream-1.0.8.tgz"
  integrity sha512-FQN4MRfuJeHf7cBbBMJFXhKSDq+2kAArBlmRBvcvFE5BB1HZKXtSFASDhdlz9zOYwxh8lDdnvmMOe/+5cdoEdg==
  dependencies:
    delayed-stream "~1.0.0"

csstype@^3.1.3:
  version "3.1.3"
  resolved "https://registry.npmmirror.com/csstype/-/csstype-3.1.3.tgz"
  integrity sha512-M1uQkMl8rQK/szD0LNhtqxIPLpimGm8sOBwU7lLnCpSbTyY3yeU1Vc7l4KT5zT4s/yOxHH5O7tIuuLOCnLADRw==

dayjs@^1.11.13:
  version "1.11.13"
  resolved "https://registry.npmmirror.com/dayjs/-/dayjs-1.11.13.tgz"
  integrity sha512-oaMBel6gjolK862uaPQOVTA7q3TZhuSvuMQAAglQDOWYO9A91IrAOUJEyKVlqJlHE0vq5p5UXxzdPfMH/x6xNg==

delayed-stream@~1.0.0:
  version "1.0.0"
  resolved "https://registry.npmmirror.com/delayed-stream/-/delayed-stream-1.0.0.tgz"
  integrity sha512-ZySD7Nf91aLB0RxL4KGrKHBXl7Eds1DAmEdcoVawXnLD7SDhpNgtuII2aAkg7a7QS41jxPSZ17p4VdGnMHk3MQ==

element-plus@^2.9.8:
  version "2.9.8"
  resolved "https://registry.npmmirror.com/element-plus/-/element-plus-2.9.8.tgz"
  integrity sha512-srViUaUdfblBKGMeuEPiXxxKlH5aUmKqEwmhb/At9Sj91DbU6od/jYN1955cTnzt3wTSA7GfnZF7UiRX9sdRHg==
  dependencies:
    "@ctrl/tinycolor" "^3.4.1"
    "@element-plus/icons-vue" "^2.3.1"
    "@floating-ui/dom" "^1.0.1"
    "@popperjs/core" "npm:@sxzz/popperjs-es@^2.11.7"
    "@types/lodash" "^4.14.182"
    "@types/lodash-es" "^4.17.6"
    "@vueuse/core" "^9.1.0"
    async-validator "^4.2.5"
    dayjs "^1.11.13"
    escape-html "^1.0.3"
    lodash "^4.17.21"
    lodash-es "^4.17.21"
    lodash-unified "^1.0.2"
    memoize-one "^6.0.0"
    normalize-wheel-es "^1.2.0"

entities@^4.5.0:
  version "4.5.0"
  resolved "https://registry.npmmirror.com/entities/-/entities-4.5.0.tgz"
  integrity sha512-V0hjH4dGPh9Ao5p0MoRY6BVqtwCjhz6vI5LT8AJ55H+4g9/4vbHx1I54fS0XuclLhDHArPQCiMjDxjaL8fPxhw==

esbuild@^0.20.1:
  version "0.20.2"
  resolved "https://registry.npmmirror.com/esbuild/-/esbuild-0.20.2.tgz"
  integrity sha512-WdOOppmUNU+IbZ0PaDiTst80zjnrOkyJNHoKupIcVyU8Lvla3Ugx94VzkQ32Ijqd7UhHJy75gNWDMUekcrSJ6g==
  optionalDependencies:
    "@esbuild/aix-ppc64" "0.20.2"
    "@esbuild/android-arm" "0.20.2"
    "@esbuild/android-arm64" "0.20.2"
    "@esbuild/android-x64" "0.20.2"
    "@esbuild/darwin-arm64" "0.20.2"
    "@esbuild/darwin-x64" "0.20.2"
    "@esbuild/freebsd-arm64" "0.20.2"
    "@esbuild/freebsd-x64" "0.20.2"
    "@esbuild/linux-arm" "0.20.2"
    "@esbuild/linux-arm64" "0.20.2"
    "@esbuild/linux-ia32" "0.20.2"
    "@esbuild/linux-loong64" "0.20.2"
    "@esbuild/linux-mips64el" "0.20.2"
    "@esbuild/linux-ppc64" "0.20.2"
    "@esbuild/linux-riscv64" "0.20.2"
    "@esbuild/linux-s390x" "0.20.2"
    "@esbuild/linux-x64" "0.20.2"
    "@esbuild/netbsd-x64" "0.20.2"
    "@esbuild/openbsd-x64" "0.20.2"
    "@esbuild/sunos-x64" "0.20.2"
    "@esbuild/win32-arm64" "0.20.2"
    "@esbuild/win32-ia32" "0.20.2"
    "@esbuild/win32-x64" "0.20.2"

escape-html@^1.0.3:
  version "1.0.3"
  resolved "https://registry.npmmirror.com/escape-html/-/escape-html-1.0.3.tgz"
  integrity sha512-NiSupZ4OeuGwr68lGIeym/ksIZMJodUGOSCZ/FSnTxcrekbvqrgdUxlJOMpijaKZVjAJrWrGs/6Jy8OMuyj9ow==

estree-walker@^2.0.2:
  version "2.0.2"
  resolved "https://registry.npmmirror.com/estree-walker/-/estree-walker-2.0.2.tgz"
  integrity sha512-Rfkk/Mp/DL7JVje3u18FxFujQlTNR2q6QfMSMB7AvCBx91NGj/ba3kCfza0f6dVDbw7YlRf/nDrn7pQrCCyQ/w==

fill-range@^7.0.1:
  version "7.0.1"
  resolved "https://registry.npmmirror.com/fill-range/-/fill-range-7.0.1.tgz"
  integrity sha512-qOo9F+dMUmC2Lcb4BbVvnKJxTPjCm+RRpe4gDuGrzkL7mEVl/djYSu2OdQ2Pa302N4oqkSg9ir6jaLWJ2USVpQ==
  dependencies:
    to-regex-range "^5.0.1"

follow-redirects@^1.15.6:
  version "1.15.6"
  resolved "https://registry.npmmirror.com/follow-redirects/-/follow-redirects-1.15.6.tgz"
  integrity sha512-wWN62YITEaOpSK584EZXJafH1AGpO8RVgElfkuXbTOrPX4fIfOyEpW/CsiNd8JdYrAoOvafRTOEnvsO++qCqFA==

form-data@^4.0.0:
  version "4.0.0"
  resolved "https://registry.npmmirror.com/form-data/-/form-data-4.0.0.tgz"
  integrity sha512-ETEklSGi5t0QMZuiXoA/Q6vcnxcLQP5vdugSpuAyi6SVGi2clPPp+xgEhuMaHC+zGgn31Kd235W35f7Hykkaww==
  dependencies:
    asynckit "^0.4.0"
    combined-stream "^1.0.8"
    mime-types "^2.1.12"

glob-parent@~5.1.2:
  version "5.1.2"
  resolved "https://registry.npmmirror.com/glob-parent/-/glob-parent-5.1.2.tgz"
  integrity sha512-AOIgSQCepiJYwP3ARnGx+5VnTu2HBYdzbGP45eLw1vr3zB3vZLeyed1sC9hnbcOc9/SrMyM5RPQrkGz4aS9Zow==
  dependencies:
    is-glob "^4.0.1"

immutable@^4.0.0:
  version "4.3.5"
  resolved "https://registry.npmmirror.com/immutable/-/immutable-4.3.5.tgz"
  integrity sha512-8eabxkth9gZatlwl5TBuJnCsoTADlL6ftEr7A4qgdaTsPyreilDSnUk57SO+jfKcNtxPa22U5KK6DSeAYhpBJw==

is-binary-path@~2.1.0:
  version "2.1.0"
  resolved "https://registry.npmmirror.com/is-binary-path/-/is-binary-path-2.1.0.tgz"
  integrity sha512-ZMERYes6pDydyuGidse7OsHxtbI7WVeUEozgR/g7rd0xUimYNlvZRE/K2MgZTjWy725IfelLeVcEM97mmtRGXw==
  dependencies:
    binary-extensions "^2.0.0"

is-extglob@^2.1.1:
  version "2.1.1"
  resolved "https://registry.npmmirror.com/is-extglob/-/is-extglob-2.1.1.tgz"
  integrity sha512-SbKbANkN603Vi4jEZv49LeVJMn4yGwsbzZworEoyEiutsN3nJYdbO36zfhGJ6QEDpOZIFkDtnq5JRxmvl3jsoQ==

is-glob@^4.0.1, is-glob@~4.0.1:
  version "4.0.3"
  resolved "https://registry.npmmirror.com/is-glob/-/is-glob-4.0.3.tgz"
  integrity sha512-xelSayHH36ZgE7ZWhli7pW34hNbNl8Ojv5KVmkJD4hBdD3th8Tfk9vYasLM+mXWOZhFkgZfxhLSnrwRr4elSSg==
  dependencies:
    is-extglob "^2.1.1"

is-number@^7.0.0:
  version "7.0.0"
  resolved "https://registry.npmmirror.com/is-number/-/is-number-7.0.0.tgz"
  integrity sha512-41Cifkg6e8TylSpdtTpeLVMqvSBEVzTttHvERD741+pnZ8ANv0004MRL43QKPDlK9cGvNp6NZWZUBlbGXYxxng==

lodash-es@*, lodash-es@^4.17.21:
  version "4.17.21"
  resolved "https://registry.npmmirror.com/lodash-es/-/lodash-es-4.17.21.tgz"
  integrity sha512-mKnC+QJ9pWVzv+C4/U3rRsHapFfHvQFoFB92e52xeyGMcX6/OlIl78je1u8vePzYZSkkogMPJ2yjxxsb89cxyw==

lodash-unified@^1.0.2:
  version "1.0.3"
  resolved "https://registry.npmmirror.com/lodash-unified/-/lodash-unified-1.0.3.tgz"
  integrity sha512-WK9qSozxXOD7ZJQlpSqOT+om2ZfcT4yO+03FuzAHD0wF6S0l0090LRPDx3vhTTLZ8cFKpBn+IOcVXK6qOcIlfQ==

lodash@*, lodash@^4.17.21:
  version "4.17.21"
  resolved "https://registry.npmmirror.com/lodash/-/lodash-4.17.21.tgz"
  integrity sha512-v2kDEe57lecTulaDIuNTPy3Ry4gLGJ6Z1O3vE1krgXZNrsQ+LFTGHVxVjcXPs17LhbZVGedAJv8XZ1tvj5FvSg==

magic-string@^0.30.7:
  version "0.30.8"
  resolved "https://registry.npmmirror.com/magic-string/-/magic-string-0.30.8.tgz"
  integrity sha512-ISQTe55T2ao7XtlAStud6qwYPZjE4GK1S/BeVPus4jrq6JuOnQ00YKQC581RWhR122W7msZV263KzVeLoqidyQ==
  dependencies:
    "@jridgewell/sourcemap-codec" "^1.4.15"

memoize-one@^6.0.0:
  version "6.0.0"
  resolved "https://registry.npmmirror.com/memoize-one/-/memoize-one-6.0.0.tgz"
  integrity sha512-rkpe71W0N0c0Xz6QD0eJETuWAJGnJ9afsl1srmwPrI+yBCkge5EycXXbYRyvL29zZVUWQCY7InPRCv3GDXuZNw==

mime-db@1.52.0:
  version "1.52.0"
  resolved "https://registry.npmmirror.com/mime-db/-/mime-db-1.52.0.tgz"
  integrity sha512-sPU4uV7dYlvtWJxwwxHD0PuihVNiE7TyAbQ5SWxDCB9mUYvOgroQOwYQQOKPJ8CIbE+1ETVlOoK1UC2nU3gYvg==

mime-types@^2.1.12:
  version "2.1.35"
  resolved "https://registry.npmmirror.com/mime-types/-/mime-types-2.1.35.tgz"
  integrity sha512-ZDY+bPm5zTTF+YpCrAU9nK0UgICYPT0QtT1NZWFv4s++TNkcgVaT0g6+4R2uI4MjQjzysHB1zxuWL50hzaeXiw==
  dependencies:
    mime-db "1.52.0"

nanoid@^3.3.7:
  version "3.3.7"
  resolved "https://registry.npmmirror.com/nanoid/-/nanoid-3.3.7.tgz"
  integrity sha512-eSRppjcPIatRIMC1U6UngP8XFcz8MQWGQdt1MTBQ7NaAmvXDfvNxbvWV3x2y6CdEUciCSsDHDQZbhYaB8QEo2g==

neo-async@^2.6.2:
  version "2.6.2"
  resolved "https://registry.npmmirror.com/neo-async/-/neo-async-2.6.2.tgz"
  integrity sha512-Yd3UES5mWCSqR+qNT93S3UoYUkqAZ9lLg8a7g9rimsWmYGK8cVToA4/sF3RrshdyV3sAGMXVUmpMYOw+dLpOuw==

normalize-path@^3.0.0, normalize-path@~3.0.0:
  version "3.0.0"
  resolved "https://registry.npmmirror.com/normalize-path/-/normalize-path-3.0.0.tgz"
  integrity sha512-6eZs5Ls3WtCisHWp9S2GUy8dqkpGi4BVSz3GaqiE6ezub0512ESztXUwUB6C6IKbQkY2Pnb/mD4WYojCRwcwLA==

normalize-wheel-es@^1.2.0:
  version "1.2.0"
  resolved "https://registry.npmmirror.com/normalize-wheel-es/-/normalize-wheel-es-1.2.0.tgz"
  integrity sha512-Wj7+EJQ8mSuXr2iWfnujrimU35R2W4FAErEyTmJoJ7ucwTn2hOUSsRehMb5RSYkxXGTM7Y9QpvPmp++w5ftoJw==

picocolors@^1.0.0:
  version "1.0.0"
  resolved "https://registry.npmmirror.com/picocolors/-/picocolors-1.0.0.tgz"
  integrity sha512-1fygroTLlHu66zi26VoTDv8yRgm0Fccecssto+MhsZ0D/DGW2sm8E8AjW7NU5VVTRt5GxbeZ5qBuJr+HyLYkjQ==

picomatch@^2.0.4, picomatch@^2.2.1:
  version "2.3.1"
  resolved "https://registry.npmmirror.com/picomatch/-/picomatch-2.3.1.tgz"
  integrity sha512-JU3teHTNjmE2VCGFzuY8EXzCDVwEqB2a8fsIvwaStHhAWJEeVd1o1QD80CU6+ZdEXXSLbSsuLwJjkCBWqRQUVA==

postcss@^8.4.35, postcss@^8.4.36:
  version "8.4.38"
  resolved "https://registry.npmmirror.com/postcss/-/postcss-8.4.38.tgz"
  integrity sha512-Wglpdk03BSfXkHoQa3b/oulrotAkwrlLDRSOb9D0bN86FdRyE9lppSp33aHNPgBa0JKCoB+drFLZkQoRRYae5A==
  dependencies:
    nanoid "^3.3.7"
    picocolors "^1.0.0"
    source-map-js "^1.2.0"

proxy-from-env@^1.1.0:
  version "1.1.0"
  resolved "https://registry.npmmirror.com/proxy-from-env/-/proxy-from-env-1.1.0.tgz"
  integrity sha512-D+zkORCbA9f1tdWRK0RaCR3GPv50cMxcrz4X8k5LTSUD1Dkw47mKJEZQNunItRTkWwgtaUSo1RVFRIG9ZXiFYg==

readdirp@~3.6.0:
  version "3.6.0"
  resolved "https://registry.npmmirror.com/readdirp/-/readdirp-3.6.0.tgz"
  integrity sha512-hOS089on8RduqdbhvQ5Z37A0ESjsqz6qnRcffsMU3495FuTdqSm+7bhJ29JvIOsBDEEnan5DPu9t3To9VRlMzA==
  dependencies:
    picomatch "^2.2.1"

rollup@^4.13.0:
  version "4.13.0"
  resolved "https://registry.npmmirror.com/rollup/-/rollup-4.13.0.tgz"
  integrity sha512-3YegKemjoQnYKmsBlOHfMLVPPA5xLkQ8MHLLSw/fBrFaVkEayL51DilPpNNLq1exr98F2B1TzrV0FUlN3gWRPg==
  dependencies:
    "@types/estree" "1.0.5"
  optionalDependencies:
    "@rollup/rollup-android-arm-eabi" "4.13.0"
    "@rollup/rollup-android-arm64" "4.13.0"
    "@rollup/rollup-darwin-arm64" "4.13.0"
    "@rollup/rollup-darwin-x64" "4.13.0"
    "@rollup/rollup-linux-arm-gnueabihf" "4.13.0"
    "@rollup/rollup-linux-arm64-gnu" "4.13.0"
    "@rollup/rollup-linux-arm64-musl" "4.13.0"
    "@rollup/rollup-linux-riscv64-gnu" "4.13.0"
    "@rollup/rollup-linux-x64-gnu" "4.13.0"
    "@rollup/rollup-linux-x64-musl" "4.13.0"
    "@rollup/rollup-win32-arm64-msvc" "4.13.0"
    "@rollup/rollup-win32-ia32-msvc" "4.13.0"
    "@rollup/rollup-win32-x64-msvc" "4.13.0"
    fsevents "~2.3.2"

sass-loader@^14.1.1:
  version "14.1.1"
  resolved "https://registry.npmmirror.com/sass-loader/-/sass-loader-14.1.1.tgz"
  integrity sha512-QX8AasDg75monlybel38BZ49JP5Z+uSKfKwF2rO7S74BywaRmGQMUBw9dtkS+ekyM/QnP+NOrRYq8ABMZ9G8jw==
  dependencies:
    neo-async "^2.6.2"

sass@*, sass@^1.3.0, sass@^1.72.0:
  version "1.72.0"
  resolved "https://registry.npmmirror.com/sass/-/sass-1.72.0.tgz"
  integrity sha512-Gpczt3WA56Ly0Mn8Sl21Vj94s1axi9hDIzDFn9Ph9x3C3p4nNyvsqJoQyVXKou6cBlfFWEgRW4rT8Tb4i3XnVA==
  dependencies:
    chokidar ">=3.0.0 <4.0.0"
    immutable "^4.0.0"
    source-map-js ">=0.6.2 <2.0.0"

sortablejs@1.14.0:
  version "1.14.0"
  resolved "https://registry.npmjs.org/sortablejs/-/sortablejs-1.14.0.tgz"
  integrity sha512-pBXvQCs5/33fdN1/39pPL0NZF20LeRbLQ5jtnheIPN9JQAaufGjKdWduZn4U7wCtVuzKhmRkI0DFYHYRbB2H1w==

source-map-js@^1.0.2, source-map-js@^1.2.0, "source-map-js@>=0.6.2 <2.0.0":
  version "1.2.0"
  resolved "https://registry.npmmirror.com/source-map-js/-/source-map-js-1.2.0.tgz"
  integrity sha512-itJW8lvSA0TXEphiRoawsCksnlf8SyvmFzIhltqAHluXd88pkCd+cXJVHTDwdCr0IzwptSm035IHQktUu1QUMg==

to-regex-range@^5.0.1:
  version "5.0.1"
  resolved "https://registry.npmmirror.com/to-regex-range/-/to-regex-range-5.0.1.tgz"
  integrity sha512-65P7iz6X5yEr1cwcgvQxbbIw7Uk3gOy5dIdtZ4rDveLqhrdJP+Li/Hx6tyK0NEb+2GCyneCMJiGqrADCSNk8sQ==
  dependencies:
    is-number "^7.0.0"

undici-types@~6.19.2:
  version "6.19.8"
  resolved "https://registry.npmjs.org/undici-types/-/undici-types-6.19.8.tgz"
  integrity sha512-ve2KP6f/JnbPBFyobGHuerC9g1FYGn/F8n1LWTwNxCEzd6IfqTwUQcNXgEtmmQ6DlRrC1hrSrBnCZPokRrDHjw==

uuid@^11.1.0:
  version "11.1.0"
  resolved "https://registry.npmjs.org/uuid/-/uuid-11.1.0.tgz"
  integrity sha512-0/A9rDy9P7cJ+8w1c9WD9V//9Wj15Ce2MPz8Ri6032usz+NfePxx5AcN3bN+r6ZL6jEo066/yNYB3tn4pQEx+A==

vite@^5.0.0, vite@^5.2.0:
  version "5.2.6"
  resolved "https://registry.npmmirror.com/vite/-/vite-5.2.6.tgz"
  integrity sha512-FPtnxFlSIKYjZ2eosBQamz4CbyrTizbZ3hnGJlh/wMtCrlp1Hah6AzBLjGI5I2urTfNnpovpHdrL6YRuBOPnCA==
  dependencies:
    esbuild "^0.20.1"
    postcss "^8.4.36"
    rollup "^4.13.0"
  optionalDependencies:
    fsevents "~2.3.3"

vue-demi@*:
  version "0.14.10"
  resolved "https://registry.npmmirror.com/vue-demi/-/vue-demi-0.14.10.tgz"
  integrity sha512-nMZBOwuzabUO0nLgIcc6rycZEebF6eeUfaiQx9+WSk8e29IbLvPU9feI6tqW4kTo3hvoYAJkMh8n8D0fuISphg==

vue-router@^4.3.0:
  version "4.3.0"
  resolved "https://registry.npmmirror.com/vue-router/-/vue-router-4.3.0.tgz"
  integrity sha512-dqUcs8tUeG+ssgWhcPbjHvazML16Oga5w34uCUmsk7i0BcnskoLGwjpa15fqMr2Fa5JgVBrdL2MEgqz6XZ/6IQ==
  dependencies:
    "@vue/devtools-api" "^6.5.1"

"vue@^3.0.0-0 || ^2.6.0", vue@^3.0.1, vue@^3.2.0, vue@^3.2.25, vue@^3.4.21, vue@3.4.21:
  version "3.4.21"
  resolved "https://registry.npmmirror.com/vue/-/vue-3.4.21.tgz"
  integrity sha512-5hjyV/jLEIKD/jYl4cavMcnzKwjMKohureP8ejn3hhEjwhWIhWeuzL2kJAjzl/WyVsgPY56Sy4Z40C3lVshxXA==
  dependencies:
    "@vue/compiler-dom" "3.4.21"
    "@vue/compiler-sfc" "3.4.21"
    "@vue/runtime-dom" "3.4.21"
    "@vue/server-renderer" "3.4.21"
    "@vue/shared" "3.4.21"

vuedraggable@^4.1.0:
  version "4.1.0"
  resolved "https://registry.npmjs.org/vuedraggable/-/vuedraggable-4.1.0.tgz"
  integrity sha512-FU5HCWBmsf20GpP3eudURW3WdWTKIbEIQxh9/8GE806hydR9qZqRRxRE3RjqX7PkuLuMQG/A7n3cfj9rCEchww==
  dependencies:
    sortablejs "1.14.0"
